
Microsoft Visual Studio Solution File, Format Version 12.00
# Visual Studio Version 17
VisualStudioVersion = 17.11.35222.181
MinimumVisualStudioVersion = 10.0.40219.1
Project("{9A19103F-16F7-4668-BE54-9A1E7A4F7556}") = "MinimalAPI", "MinimalAPI\MinimalAPI.csproj", "{F084895E-A72A-4089-AB48-405BDA557ED6}"
EndProject
Project("{FAE04EC0-301F-11D3-BF4B-00C04F79EFBC}") = "Book-MVC", "Book-MVC\Book-MVC.csproj", "{39209296-A33C-4301-8172-59645F6102A6}"
EndProject
Global
	GlobalSection(SolutionConfigurationPlatforms) = preSolution
		Debug|Any CPU = Debug|Any CPU
		Release|Any CPU = Release|Any CPU
	EndGlobalSection
	GlobalSection(ProjectConfigurationPlatforms) = postSolution
		{F084895E-A72A-4089-AB48-405BDA557ED6}.Debug|Any CPU.ActiveCfg = Debug|Any CPU
		{F084895E-A72A-4089-AB48-405BDA557ED6}.Debug|Any CPU.Build.0 = Debug|Any CPU
		{F084895E-A72A-4089-AB48-405BDA557ED6}.Release|Any CPU.ActiveCfg = Release|Any CPU
		{F084895E-A72A-4089-AB48-405BDA557ED6}.Release|Any CPU.Build.0 = Release|Any CPU
		{39209296-A33C-4301-8172-59645F6102A6}.Debug|Any CPU.ActiveCfg = Debug|Any CPU
		{39209296-A33C-4301-8172-59645F6102A6}.Debug|Any CPU.Build.0 = Debug|Any CPU
		{39209296-A33C-4301-8172-59645F6102A6}.Release|Any CPU.ActiveCfg = Release|Any CPU
		{39209296-A33C-4301-8172-59645F6102A6}.Release|Any CPU.Build.0 = Release|Any CPU
	EndGlobalSection
	GlobalSection(SolutionProperties) = preSolution
		HideSolutionNode = FALSE
	EndGlobalSection
	GlobalSection(ExtensibilityGlobals) = postSolution
		SolutionGuid = {DFCFADE0-32AB-4458-9124-1EEF66EB6FA1}
	EndGlobalSection
EndGlobal
